
Microsoft Visual Studio Solution File, Format Version 12.00
# Visual Studio Version 16
VisualStudioVersion = 16.0.31702.278
MinimumVisualStudioVersion = 10.0.40219.1
Project("{FAE04EC0-301F-11D3-BF4B-00C04F79EFBC}") = "SQL", "SQL.csproj", "{892480F4-7981-495D-AFA0-A47F81EEB51F}"
EndProject
Global
	GlobalSection(SolutionConfigurationPlatforms) = preSolution
		Debug|Any CPU = Debug|Any CPU
		Release|Any CPU = Release|Any CPU
	EndGlobalSection
	GlobalSection(ProjectConfigurationPlatforms) = postSolution
		{892480F4-7981-495D-AFA0-A47F81EEB51F}.Debug|Any CPU.ActiveCfg = Debug|Any CPU
		{892480F4-7981-495D-AFA0-A47F81EEB51F}.Debug|Any CPU.Build.0 = Debug|Any CPU
		{892480F4-7981-495D-AFA0-A47F81EEB51F}.Release|Any CPU.ActiveCfg = Release|Any CPU
		{892480F4-7981-495D-AFA0-A47F81EEB51F}.Release|Any CPU.Build.0 = Release|Any CPU
	EndGlobalSection
	GlobalSection(SolutionProperties) = preSolution
		HideSolutionNode = FALSE
	EndGlobalSection
	GlobalSection(ExtensibilityGlobals) = postSolution
		SolutionGuid = {4C26C4A3-B3C7-4325-90D2-01B85CB2CEA7}
	EndGlobalSection
EndGlobal
